
Microsoft Visual Studio Solution File, Format Version 12.00
# Visual Studio 2012
Project("{E24C65DC-7377-472B-9ABA-BC803B73C61A}") = "ImageWall", "http://localhost:21885", "{0D31706F-4B9A-461C-933D-79A92BB9E3C6}"
	ProjectSection(WebsiteProperties) = preProject
		UseIISExpress = "true"
		TargetFrameworkMoniker = ".NETFramework,Version%3Dv4.5"
		Debug.AspNetCompiler.VirtualPath = "/localhost_21885"
		Debug.AspNetCompiler.PhysicalPath = "..\..\..\My Web Sites\ImageWall\"
		Debug.AspNetCompiler.TargetPath = "PrecompiledWeb\localhost_21885\"
		Debug.AspNetCompiler.Updateable = "true"
		Debug.AspNetCompiler.ForceOverwrite = "true"
		Debug.AspNetCompiler.FixedNames = "false"
		Debug.AspNetCompiler.Debug = "True"
		Release.AspNetCompiler.VirtualPath = "/localhost_21885"
		Release.AspNetCompiler.PhysicalPath = "..\..\..\My Web Sites\ImageWall\"
		Release.AspNetCompiler.TargetPath = "PrecompiledWeb\localhost_21885\"
		Release.AspNetCompiler.Updateable = "true"
		Release.AspNetCompiler.ForceOverwrite = "true"
		Release.AspNetCompiler.FixedNames = "false"
		Release.AspNetCompiler.Debug = "False"
		SlnRelativePath = "..\..\..\My Web Sites\ImageWall\"
		DefaultWebSiteLanguage = "Visual C#"
	EndProjectSection
EndProject
Project("{FAE04EC0-301F-11D3-BF4B-00C04F79EFBC}") = "ImageWallService", "ImageWallService\ImageWallService.csproj", "{7346298A-4CAA-4FA7-B36A-DD76F759A388}"
EndProject
Project("{FAE04EC0-301F-11D3-BF4B-00C04F79EFBC}") = "ImageWallData", "ImageWallData\ImageWallData.csproj", "{9C222AFB-DD13-43C8-8048-7B8B1B556701}"
EndProject
Global
	GlobalSection(SolutionConfigurationPlatforms) = preSolution
		Debug|Any CPU = Debug|Any CPU
		Release|Any CPU = Release|Any CPU
	EndGlobalSection
	GlobalSection(ProjectConfigurationPlatforms) = postSolution
		{0D31706F-4B9A-461C-933D-79A92BB9E3C6}.Debug|Any CPU.ActiveCfg = Debug|Any CPU
		{0D31706F-4B9A-461C-933D-79A92BB9E3C6}.Debug|Any CPU.Build.0 = Debug|Any CPU
		{0D31706F-4B9A-461C-933D-79A92BB9E3C6}.Release|Any CPU.ActiveCfg = Debug|Any CPU
		{0D31706F-4B9A-461C-933D-79A92BB9E3C6}.Release|Any CPU.Build.0 = Debug|Any CPU
		{7346298A-4CAA-4FA7-B36A-DD76F759A388}.Debug|Any CPU.ActiveCfg = Debug|Any CPU
		{7346298A-4CAA-4FA7-B36A-DD76F759A388}.Debug|Any CPU.Build.0 = Debug|Any CPU
		{7346298A-4CAA-4FA7-B36A-DD76F759A388}.Release|Any CPU.ActiveCfg = Release|Any CPU
		{7346298A-4CAA-4FA7-B36A-DD76F759A388}.Release|Any CPU.Build.0 = Release|Any CPU
		{9C222AFB-DD13-43C8-8048-7B8B1B556701}.Debug|Any CPU.ActiveCfg = Debug|Any CPU
		{9C222AFB-DD13-43C8-8048-7B8B1B556701}.Debug|Any CPU.Build.0 = Debug|Any CPU
		{9C222AFB-DD13-43C8-8048-7B8B1B556701}.Release|Any CPU.ActiveCfg = Release|Any CPU
		{9C222AFB-DD13-43C8-8048-7B8B1B556701}.Release|Any CPU.Build.0 = Release|Any CPU
	EndGlobalSection
	GlobalSection(SolutionProperties) = preSolution
		HideSolutionNode = FALSE
	EndGlobalSection
EndGlobal
